
Microsoft Visual Studio Solution File, Format Version 12.00
# Visual Studio 2012
Project("{8BC9CEB8-8B4A-11D0-8D11-00A0C91BC942}") = "jpegoptim", "jpegoptim.vcxproj", "{83C399CE-4919-4901-8507-A23C9D6F169B}"
EndProject
Project("{8BC9CEB8-8B4A-11D0-8D11-00A0C91BC942}") = "libjpeg", "libjpeg.vcxproj", "{78AF51B0-6EDC-4E41-BC24-D688BC964F03}"
EndProject
Global
	GlobalSection(SolutionConfigurationPlatforms) = preSolution
		Debug|Win32 = Debug|Win32
		Debug|x64 = Debug|x64
		Release|Win32 = Release|Win32
		Release|x64 = Release|x64
	EndGlobalSection
	GlobalSection(ProjectConfigurationPlatforms) = postSolution
		{78AF51B0-6EDC-4E41-BC24-D688BC964F03}.Debug|Win32.ActiveCfg = Debug|Win32
		{78AF51B0-6EDC-4E41-BC24-D688BC964F03}.Debug|Win32.Build.0 = Debug|Win32
		{78AF51B0-6EDC-4E41-BC24-D688BC964F03}.Debug|x64.ActiveCfg = Debug|x64
		{78AF51B0-6EDC-4E41-BC24-D688BC964F03}.Debug|x64.Build.0 = Debug|x64
		{78AF51B0-6EDC-4E41-BC24-D688BC964F03}.Release|Win32.ActiveCfg = Release|Win32
		{78AF51B0-6EDC-4E41-BC24-D688BC964F03}.Release|Win32.Build.0 = Release|Win32
		{78AF51B0-6EDC-4E41-BC24-D688BC964F03}.Release|x64.ActiveCfg = Release|x64
		{78AF51B0-6EDC-4E41-BC24-D688BC964F03}.Release|x64.Build.0 = Release|x64
		{83C399CE-4919-4901-8507-A23C9D6F169B}.Debug|Win32.ActiveCfg = Debug|Win32
		{83C399CE-4919-4901-8507-A23C9D6F169B}.Debug|Win32.Build.0 = Debug|Win32
		{83C399CE-4919-4901-8507-A23C9D6F169B}.Debug|x64.ActiveCfg = Debug|x64
		{83C399CE-4919-4901-8507-A23C9D6F169B}.Debug|x64.Build.0 = Debug|x64
		{83C399CE-4919-4901-8507-A23C9D6F169B}.Release|Win32.ActiveCfg = Release|Win32
		{83C399CE-4919-4901-8507-A23C9D6F169B}.Release|Win32.Build.0 = Release|Win32
		{83C399CE-4919-4901-8507-A23C9D6F169B}.Release|x64.ActiveCfg = Release|x64
		{83C399CE-4919-4901-8507-A23C9D6F169B}.Release|x64.Build.0 = Release|x64
	EndGlobalSection
	GlobalSection(SolutionProperties) = preSolution
		HideSolutionNode = FALSE
	EndGlobalSection
EndGlobal
